
Microsoft Visual Studio Solution File, Format Version 12.00
# Visual Studio Version 16
VisualStudioVersion = 16.0.30907.101
MinimumVisualStudioVersion = 10.0.40219.1
Project("{888888A0-9F3D-457C-B088-3A5042F75D52}") = "DNS_Spoofer", "DNS_Spoofer.pyproj", "{0FDC6F8E-2F96-463D-A468-85FCD05BE808}"
EndProject
Global
	GlobalSection(SolutionConfigurationPlatforms) = preSolution
		Debug|Any CPU = Debug|Any CPU
		Release|Any CPU = Release|Any CPU
	EndGlobalSection
	GlobalSection(ProjectConfigurationPlatforms) = postSolution
		{0FDC6F8E-2F96-463D-A468-85FCD05BE808}.Debug|Any CPU.ActiveCfg = Debug|Any CPU
		{0FDC6F8E-2F96-463D-A468-85FCD05BE808}.Release|Any CPU.ActiveCfg = Release|Any CPU
	EndGlobalSection
	GlobalSection(SolutionProperties) = preSolution
		HideSolutionNode = FALSE
	EndGlobalSection
	GlobalSection(ExtensibilityGlobals) = postSolution
		SolutionGuid = {30FA9772-E887-4DE6-9D99-64FFD97B864E}
	EndGlobalSection
EndGlobal
